
Microsoft Visual Studio Solution File, Format Version 12.00
# Visual Studio Version 17
VisualStudioVersion = 17.3.32929.385
MinimumVisualStudioVersion = 10.0.40219.1
Project("{FAE04EC0-301F-11D3-BF4B-00C04F79EFBC}") = "Git-Practice", "Git-Practice\Git-Practice.csproj", "{8612ECC1-FC4B-492F-ACF6-75138C981E44}"
EndProject
Global
	GlobalSection(SolutionConfigurationPlatforms) = preSolution
		Debug|Any CPU = Debug|Any CPU
		Release|Any CPU = Release|Any CPU
	EndGlobalSection
	GlobalSection(ProjectConfigurationPlatforms) = postSolution
		{8612ECC1-FC4B-492F-ACF6-75138C981E44}.Debug|Any CPU.ActiveCfg = Debug|Any CPU
		{8612ECC1-FC4B-492F-ACF6-75138C981E44}.Debug|Any CPU.Build.0 = Debug|Any CPU
		{8612ECC1-FC4B-492F-ACF6-75138C981E44}.Release|Any CPU.ActiveCfg = Release|Any CPU
		{8612ECC1-FC4B-492F-ACF6-75138C981E44}.Release|Any CPU.Build.0 = Release|Any CPU
	EndGlobalSection
	GlobalSection(SolutionProperties) = preSolution
		HideSolutionNode = FALSE
	EndGlobalSection
	GlobalSection(ExtensibilityGlobals) = postSolution
		SolutionGuid = {DCD25C87-BEFB-4319-8096-7DAF45E63CBD}
	EndGlobalSection
EndGlobal
